
Microsoft Visual Studio Solution File, Format Version 12.00
# Visual Studio Version 17
VisualStudioVersion = 17.5.002.0
MinimumVisualStudioVersion = 10.0.40219.1
Project("{9A19103F-16F7-4668-BE54-9A1E7A4F7556}") = "App.Test", "App.Test\App.Test.csproj", "{53025E54-A551-445B-9226-4677A0394A5D}"
EndProject
Global
	GlobalSection(SolutionConfigurationPlatforms) = preSolution
		Debug|Any CPU = Debug|Any CPU
		Release|Any CPU = Release|Any CPU
	EndGlobalSection
	GlobalSection(ProjectConfigurationPlatforms) = postSolution
		{53025E54-A551-445B-9226-4677A0394A5D}.Debug|Any CPU.ActiveCfg = Debug|Any CPU
		{53025E54-A551-445B-9226-4677A0394A5D}.Debug|Any CPU.Build.0 = Debug|Any CPU
		{53025E54-A551-445B-9226-4677A0394A5D}.Release|Any CPU.ActiveCfg = Release|Any CPU
		{53025E54-A551-445B-9226-4677A0394A5D}.Release|Any CPU.Build.0 = Release|Any CPU
	EndGlobalSection
	GlobalSection(SolutionProperties) = preSolution
		HideSolutionNode = FALSE
	EndGlobalSection
	GlobalSection(ExtensibilityGlobals) = postSolution
		SolutionGuid = {F3F46D39-D341-47AA-952C-C15E3BE81BC8}
	EndGlobalSection
EndGlobal
