
Microsoft Visual Studio Solution File, Format Version 12.00
# Visual Studio Version 17
VisualStudioVersion = 17.5.002.0
MinimumVisualStudioVersion = 10.0.40219.1
Project("{9A19103F-16F7-4668-BE54-9A1E7A4F7556}") = "App", "App.csproj", "{C82D324A-CCAA-4B25-9714-F95290616992}"
EndProject
Project("{FAE04EC0-301F-11D3-BF4B-00C04F79EFBC}") = "App.Test", "..\..\App_Test\App.Test\App.Test.csproj", "{864035BF-D43C-437E-B2C9-90732FB71495}"
EndProject
Global
	GlobalSection(SolutionConfigurationPlatforms) = preSolution
		Debug|Any CPU = Debug|Any CPU
		Release|Any CPU = Release|Any CPU
	EndGlobalSection
	GlobalSection(ProjectConfigurationPlatforms) = postSolution
		{C82D324A-CCAA-4B25-9714-F95290616992}.Debug|Any CPU.ActiveCfg = Debug|Any CPU
		{C82D324A-CCAA-4B25-9714-F95290616992}.Debug|Any CPU.Build.0 = Debug|Any CPU
		{C82D324A-CCAA-4B25-9714-F95290616992}.Release|Any CPU.ActiveCfg = Release|Any CPU
		{C82D324A-CCAA-4B25-9714-F95290616992}.Release|Any CPU.Build.0 = Release|Any CPU
		{864035BF-D43C-437E-B2C9-90732FB71495}.Debug|Any CPU.ActiveCfg = Debug|Any CPU
		{864035BF-D43C-437E-B2C9-90732FB71495}.Debug|Any CPU.Build.0 = Debug|Any CPU
		{864035BF-D43C-437E-B2C9-90732FB71495}.Release|Any CPU.ActiveCfg = Release|Any CPU
		{864035BF-D43C-437E-B2C9-90732FB71495}.Release|Any CPU.Build.0 = Release|Any CPU
	EndGlobalSection
	GlobalSection(SolutionProperties) = preSolution
		HideSolutionNode = FALSE
	EndGlobalSection
	GlobalSection(ExtensibilityGlobals) = postSolution
		SolutionGuid = {2727DA59-8F41-4D25-9322-D1D3D6C0AF5A}
	EndGlobalSection
EndGlobal
